BE1B419491607EAE6F7C57844EBAB39FACE9643C51E2AF1D9176A3BA0D0B23FC  Microsoft.Windows.SDK.CPP.10.0.28000.2526.nupkg
A9CAE2A8C5DA7F5DC5838AE6A76D06D0D2E2FDC3D8CFC69CA6C184E4B9193A00  Microsoft.Windows.SDK.CPP.x64.10.0.28000.2526.nupkg
63C939FB5A79295BF40E941DB592681272219B04EDFF095FE2F3D123E5579A90  Microsoft.Windows.WDK.x64.10.0.28000.2526.nupkg
